<?xml version="1.0" encoding="utf-8"?>
<Project ToolsVersion="4.0" xmlns="http://schemas.microsoft.com/developer/msbuild/2003">
  <ItemGroup>
    <ClCompile Include="DisjointSet.cpp">
      <Filter>Sources</Filter>
    </ClCompile>
    <ClCompile Include="Felzenszwalb.cpp">
      <Filter>Sources</Filter>
    </ClCompile>
    <ClCompile Include="GraphPartitions.cpp">
      <Filter>Sources</Filter>
    </ClCompile>
    <ClCompile Include="ImageGraphs.cpp">
      <Filter>Sources</Filter>
    </ClCompile>
    <ClCompile Include="KuwaharaFilter.cpp">
      <Filter>Sources</Filter>
    </ClCompile>
    <ClCompile Include="main.cpp">
      <Filter>Sources</Filter>
    </ClCompile>
    <ClCompile Include="SegmentationGraph.cpp">
      <Filter>Sources</Filter>
    </ClCompile>
    <ClCompile Include="TrainableStatModel.cpp">
      <Filter>Sources</Filter>
    </ClCompile>
    <ClCompile Include="SegmentAttributes.cpp">
      <Filter>Sources</Filter>
    </ClCompile>
    <ClCompile Include="Segmentation.cpp">
      <Filter>Sources</Filter>
    </ClCompile>
    <ClCompile Include="PreProcessing.cpp">
      <Filter>Sources</Filter>
    </ClCompile>
    <ClCompile Include="LocallyLinearEmbeddings.cpp">
      <Filter>Sources</Filter>
    </ClCompile>
    <ClCompile Include="SubspaceComparison.cpp">
      <Filter>Sources</Filter>
    </ClCompile>
    <ClCompile Include="svm.cpp">
      <Filter>Sources</Filter>
    </ClCompile>
    <ClCompile Include="SegmentAttributesTest.cpp">
      <Filter>Sources</Filter>
    </ClCompile>
    <ClCompile Include="SubspaceComparisonTest.cpp">
      <Filter>Sources</Filter>
    </ClCompile>
    <ClCompile Include="LocallyLinearEmbeddingsTest.cpp">
      <Filter>Sources</Filter>
    </ClCompile>
    <ClCompile Include="ImageGraphsTest.cpp">
      <Filter>Sources</Filter>
    </ClCompile>
    <ClCompile Include="DatasetIO.cpp">
      <Filter>Sources</Filter>
    </ClCompile>
    <ClCompile Include="MultipleGraphsClassifier.cpp">
      <Filter>Sources</Filter>
    </ClCompile>
    <ClCompile Include="PatternVectors.cpp">
      <Filter>Sources</Filter>
    </ClCompile>
    <ClCompile Include="PatternVectorsTest.cpp">
      <Filter>Sources</Filter>
    </ClCompile>
    <ClCompile Include="MatchingSegmentsClassifier.cpp">
      <Filter>Sources</Filter>
    </ClCompile>
  </ItemGroup>
  <ItemGroup>
    <ClInclude Include="DisjointSet.hpp">
      <Filter>Headers</Filter>
    </ClInclude>
    <ClInclude Include="Felzenszwalb.hpp">
      <Filter>Headers</Filter>
    </ClInclude>
    <ClInclude Include="GraphPartitions.h">
      <Filter>Headers</Filter>
    </ClInclude>
    <ClInclude Include="ImageGraphs.h">
      <Filter>Headers</Filter>
    </ClInclude>
    <ClInclude Include="KuwaharaFilter.h">
      <Filter>Headers</Filter>
    </ClInclude>
    <ClInclude Include="main.h">
      <Filter>Headers</Filter>
    </ClInclude>
    <ClInclude Include="SegmentationGraph.hpp">
      <Filter>Headers</Filter>
    </ClInclude>
    <ClInclude Include="TrainableStatModel.h">
      <Filter>Headers</Filter>
    </ClInclude>
    <ClInclude Include="SegmentAttributes.h">
      <Filter>Headers</Filter>
    </ClInclude>
    <ClInclude Include="Segmentation.h">
      <Filter>Headers</Filter>
    </ClInclude>
    <ClInclude Include="PreProcessing.h">
      <Filter>Headers</Filter>
    </ClInclude>
    <ClInclude Include="LocallyLinearEmbeddings.h">
      <Filter>Headers</Filter>
    </ClInclude>
    <ClInclude Include="SubspaceComparison.h">
      <Filter>Headers</Filter>
    </ClInclude>
    <ClInclude Include="svm.h">
      <Filter>Headers</Filter>
    </ClInclude>
    <ClInclude Include="ImageGraphsTest.h">
      <Filter>Headers</Filter>
    </ClInclude>
    <ClInclude Include="LocallyLinearEmbeddingsTest.h">
      <Filter>Headers</Filter>
    </ClInclude>
    <ClInclude Include="SegmentAttributesTest.h">
      <Filter>Headers</Filter>
    </ClInclude>
    <ClInclude Include="SubspaceComparisonTest.h">
      <Filter>Headers</Filter>
    </ClInclude>
    <ClInclude Include="CSVIterator.h">
      <Filter>Headers</Filter>
    </ClInclude>
    <ClInclude Include="DatasetIO.h">
      <Filter>Headers</Filter>
    </ClInclude>
    <ClInclude Include="MultipleGraphsClassifier.h">
      <Filter>Headers</Filter>
    </ClInclude>
    <ClInclude Include="PatternVectors.h">
      <Filter>Headers</Filter>
    </ClInclude>
    <ClInclude Include="PatternVectorsTest.h">
      <Filter>Headers</Filter>
    </ClInclude>
    <ClInclude Include="MatchingSegmentsClassifier.h">
      <Filter>Headers</Filter>
    </ClInclude>
  </ItemGroup>
  <ItemGroup>
    <Filter Include="Headers">
      <UniqueIdentifier>{f4ffbab5-6e8c-443a-a593-a52854777b7e}</UniqueIdentifier>
      <Extensions>h;hpp</Extensions>
    </Filter>
    <Filter Include="Sources">
      <UniqueIdentifier>{368665b2-5ec7-4b35-9a6b-a826c15771b6}</UniqueIdentifier>
      <Extensions>cpp</Extensions>
    </Filter>
  </ItemGroup>
</Project>